
Microsoft Visual Studio Solution File, Format Version 12.00
# Visual Studio Version 17
VisualStudioVersion = 17.3.32825.248
MinimumVisualStudioVersion = 10.0.40219.1
Project("{8BC9CEB8-8B4A-11D0-8D11-00A0C91BC942}") = "01-print-HelloWorld", "01-print-HelloWorld\01-print-HelloWorld.vcxproj", "{556DAE88-5954-4F8A-9111-DEDC407AF1BF}"
EndProject
Project("{8BC9CEB8-8B4A-11D0-8D11-00A0C91BC942}") = "02-Print an Integer (Entered by the User)", "02-Print an Integer (Entered by the User)\02-Print an Integer (Entered by the User).vcxproj", "{6D61E1FE-94B6-4F95-BB2B-1A95CFEB1587}"
EndProject
Project("{8BC9CEB8-8B4A-11D0-8D11-00A0C91BC942}") = "03-Add Two Integers", "03-Add Two Integers\03-Add Two Integers.vcxproj", "{906C348E-9A19-4C03-972B-D0A64ECC88A7}"
EndProject
Project("{8BC9CEB8-8B4A-11D0-8D11-00A0C91BC942}") = "04-Multiply two Floating Point Numbers", "04-Multiply two Floating Point Numbers\04-Multiply two Floating Point Numbers.vcxproj", "{A379E346-A0D4-42E5-809B-D9C753971924}"
EndProject
Project("{8BC9CEB8-8B4A-11D0-8D11-00A0C91BC942}") = "05-Find ASCII Value of a Character", "05-Find ASCII Value of a Character\05-Find ASCII Value of a Character.vcxproj", "{7D4FAED7-9EC6-460F-AA2D-6EA6C3A8B1AD}"
EndProject
Project("{8BC9CEB8-8B4A-11D0-8D11-00A0C91BC942}") = "06-Compute Quotient and Remainder", "06-Compute Quotient and Remainder\06-Compute Quotient and Remainder.vcxproj", "{0ECE41C7-C318-4E54-AA20-A627464DCEE3}"
EndProject
Project("{8BC9CEB8-8B4A-11D0-8D11-00A0C91BC942}") = "07-Find the Size of int, float, double and char", "07-Find the Size of int, float, double and char\07-Find the Size of int, float, double and char.vcxproj", "{F0284311-74E3-418A-9FC7-75C1572508FE}"
EndProject
Project("{8BC9CEB8-8B4A-11D0-8D11-00A0C91BC942}") = "08-Demonstrate the Working of Keyword long", "08-Demonstrate the Working of Keyword long\08-Demonstrate the Working of Keyword long.vcxproj", "{BE649A67-2ADC-4EDF-8B1B-2E6EDF23EC34}"
EndProject
Project("{8BC9CEB8-8B4A-11D0-8D11-00A0C91BC942}") = "09-Swap Two Numbers", "09-Swap Two Numbers\09-Swap Two Numbers.vcxproj", "{1CB70D13-E2F9-491E-9F4E-DC5F9702E695}"
EndProject
Project("{8BC9CEB8-8B4A-11D0-8D11-00A0C91BC942}") = "10-Check Whether a Number is Even or Odd", "10-Check Whether a Number is Even or Odd\10-Check Whether a Number is Even or Odd.vcxproj", "{FA333A34-038F-45FB-AE52-42F176953B70}"
EndProject
Project("{8BC9CEB8-8B4A-11D0-8D11-00A0C91BC942}") = "11-Check Whether a Character is Vowel or Consonant", "11-Check Whether a Character is Vowel or Consonant\11-Check Whether a Character is Vowel or Consonant.vcxproj", "{9A65A04F-DBEC-4B77-B6C6-999D5AEF6978}"
EndProject
Project("{8BC9CEB8-8B4A-11D0-8D11-00A0C91BC942}") = "12-Find the Largest Number Among Three Numbers", "12-Find the Largest Number Among Three Numbers\12-Find the Largest Number Among Three Numbers.vcxproj", "{D4DFDEC8-846F-4CF5-9D9E-18E63060CA5B}"
EndProject
Project("{8BC9CEB8-8B4A-11D0-8D11-00A0C91BC942}") = "13-Find all Roots of a Quadratic equation", "13-Find all Roots of a Quadratic equation\13-Find all Roots of a Quadratic equation.vcxproj", "{A7566E9D-FBB4-4F94-81A0-87BBC56FDE94}"
EndProject
Global
	GlobalSection(SolutionConfigurationPlatforms) = preSolution
		Debug|x64 = Debug|x64
		Debug|x86 = Debug|x86
		Release|x64 = Release|x64
		Release|x86 = Release|x86
	EndGlobalSection
	GlobalSection(ProjectConfigurationPlatforms) = postSolution
		{556DAE88-5954-4F8A-9111-DEDC407AF1BF}.Debug|x64.ActiveCfg = Debug|x64
		{556DAE88-5954-4F8A-9111-DEDC407AF1BF}.Debug|x64.Build.0 = Debug|x64
		{556DAE88-5954-4F8A-9111-DEDC407AF1BF}.Debug|x86.ActiveCfg = Debug|Win32
		{556DAE88-5954-4F8A-9111-DEDC407AF1BF}.Debug|x86.Build.0 = Debug|Win32
		{556DAE88-5954-4F8A-9111-DEDC407AF1BF}.Release|x64.ActiveCfg = Release|x64
		{556DAE88-5954-4F8A-9111-DEDC407AF1BF}.Release|x64.Build.0 = Release|x64
		{556DAE88-5954-4F8A-9111-DEDC407AF1BF}.Release|x86.ActiveCfg = Release|Win32
		{556DAE88-5954-4F8A-9111-DEDC407AF1BF}.Release|x86.Build.0 = Release|Win32
		{6D61E1FE-94B6-4F95-BB2B-1A95CFEB1587}.Debug|x64.ActiveCfg = Debug|x64
		{6D61E1FE-94B6-4F95-BB2B-1A95CFEB1587}.Debug|x64.Build.0 = Debug|x64
		{6D61E1FE-94B6-4F95-BB2B-1A95CFEB1587}.Debug|x86.ActiveCfg = Debug|Win32
		{6D61E1FE-94B6-4F95-BB2B-1A95CFEB1587}.Debug|x86.Build.0 = Debug|Win32
		{6D61E1FE-94B6-4F95-BB2B-1A95CFEB1587}.Release|x64.ActiveCfg = Release|x64
		{6D61E1FE-94B6-4F95-BB2B-1A95CFEB1587}.Release|x64.Build.0 = Release|x64
		{6D61E1FE-94B6-4F95-BB2B-1A95CFEB1587}.Release|x86.ActiveCfg = Release|Win32
		{6D61E1FE-94B6-4F95-BB2B-1A95CFEB1587}.Release|x86.Build.0 = Release|Win32
		{906C348E-9A19-4C03-972B-D0A64ECC88A7}.Debug|x64.ActiveCfg = Debug|x64
		{906C348E-9A19-4C03-972B-D0A64ECC88A7}.Debug|x64.Build.0 = Debug|x64
		{906C348E-9A19-4C03-972B-D0A64ECC88A7}.Debug|x86.ActiveCfg = Debug|Win32
		{906C348E-9A19-4C03-972B-D0A64ECC88A7}.Debug|x86.Build.0 = Debug|Win32
		{906C348E-9A19-4C03-972B-D0A64ECC88A7}.Release|x64.ActiveCfg = Release|x64
		{906C348E-9A19-4C03-972B-D0A64ECC88A7}.Release|x64.Build.0 = Release|x64
		{906C348E-9A19-4C03-972B-D0A64ECC88A7}.Release|x86.ActiveCfg = Release|Win32
		{906C348E-9A19-4C03-972B-D0A64ECC88A7}.Release|x86.Build.0 = Release|Win32
		{A379E346-A0D4-42E5-809B-D9C753971924}.Debug|x64.ActiveCfg = Debug|x64
		{A379E346-A0D4-42E5-809B-D9C753971924}.Debug|x64.Build.0 = Debug|x64
		{A379E346-A0D4-42E5-809B-D9C753971924}.Debug|x86.ActiveCfg = Debug|Win32
		{A379E346-A0D4-42E5-809B-D9C753971924}.Debug|x86.Build.0 = Debug|Win32
		{A379E346-A0D4-42E5-809B-D9C753971924}.Release|x64.ActiveCfg = Release|x64
		{A379E346-A0D4-42E5-809B-D9C753971924}.Release|x64.Build.0 = Release|x64
		{A379E346-A0D4-42E5-809B-D9C753971924}.Release|x86.ActiveCfg = Release|Win32
		{A379E346-A0D4-42E5-809B-D9C753971924}.Release|x86.Build.0 = Release|Win32
		{7D4FAED7-9EC6-460F-AA2D-6EA6C3A8B1AD}.Debug|x64.ActiveCfg = Debug|x64
		{7D4FAED7-9EC6-460F-AA2D-6EA6C3A8B1AD}.Debug|x64.Build.0 = Debug|x64
		{7D4FAED7-9EC6-460F-AA2D-6EA6C3A8B1AD}.Debug|x86.ActiveCfg = Debug|Win32
		{7D4FAED7-9EC6-460F-AA2D-6EA6C3A8B1AD}.Debug|x86.Build.0 = Debug|Win32
		{7D4FAED7-9EC6-460F-AA2D-6EA6C3A8B1AD}.Release|x64.ActiveCfg = Release|x64
		{7D4FAED7-9EC6-460F-AA2D-6EA6C3A8B1AD}.Release|x64.Build.0 = Release|x64
		{7D4FAED7-9EC6-460F-AA2D-6EA6C3A8B1AD}.Release|x86.ActiveCfg = Release|Win32
		{7D4FAED7-9EC6-460F-AA2D-6EA6C3A8B1AD}.Release|x86.Build.0 = Release|Win32
		{0ECE41C7-C318-4E54-AA20-A627464DCEE3}.Debug|x64.ActiveCfg = Debug|x64
		{0ECE41C7-C318-4E54-AA20-A627464DCEE3}.Debug|x64.Build.0 = Debug|x64
		{0ECE41C7-C318-4E54-AA20-A627464DCEE3}.Debug|x86.ActiveCfg = Debug|Win32
		{0ECE41C7-C318-4E54-AA20-A627464DCEE3}.Debug|x86.Build.0 = Debug|Win32
		{0ECE41C7-C318-4E54-AA20-A627464DCEE3}.Release|x64.ActiveCfg = Release|x64
		{0ECE41C7-C318-4E54-AA20-A627464DCEE3}.Release|x64.Build.0 = Release|x64
		{0ECE41C7-C318-4E54-AA20-A627464DCEE3}.Release|x86.ActiveCfg = Release|Win32
		{0ECE41C7-C318-4E54-AA20-A627464DCEE3}.Release|x86.Build.0 = Release|Win32
		{F0284311-74E3-418A-9FC7-75C1572508FE}.Debug|x64.ActiveCfg = Debug|x64
		{F0284311-74E3-418A-9FC7-75C1572508FE}.Debug|x64.Build.0 = Debug|x64
		{F0284311-74E3-418A-9FC7-75C1572508FE}.Debug|x86.ActiveCfg = Debug|Win32
		{F0284311-74E3-418A-9FC7-75C1572508FE}.Debug|x86.Build.0 = Debug|Win32
		{F0284311-74E3-418A-9FC7-75C1572508FE}.Release|x64.ActiveCfg = Release|x64
		{F0284311-74E3-418A-9FC7-75C1572508FE}.Release|x64.Build.0 = Release|x64
		{F0284311-74E3-418A-9FC7-75C1572508FE}.Release|x86.ActiveCfg = Release|Win32
		{F0284311-74E3-418A-9FC7-75C1572508FE}.Release|x86.Build.0 = Release|Win32
		{BE649A67-2ADC-4EDF-8B1B-2E6EDF23EC34}.Debug|x64.ActiveCfg = Debug|x64
		{BE649A67-2ADC-4EDF-8B1B-2E6EDF23EC34}.Debug|x64.Build.0 = Debug|x64
		{BE649A67-2ADC-4EDF-8B1B-2E6EDF23EC34}.Debug|x86.ActiveCfg = Debug|Win32
		{BE649A67-2ADC-4EDF-8B1B-2E6EDF23EC34}.Debug|x86.Build.0 = Debug|Win32
		{BE649A67-2ADC-4EDF-8B1B-2E6EDF23EC34}.Release|x64.ActiveCfg = Release|x64
		{BE649A67-2ADC-4EDF-8B1B-2E6EDF23EC34}.Release|x64.Build.0 = Release|x64
		{BE649A67-2ADC-4EDF-8B1B-2E6EDF23EC34}.Release|x86.ActiveCfg = Release|Win32
		{BE649A67-2ADC-4EDF-8B1B-2E6EDF23EC34}.Release|x86.Build.0 = Release|Win32
		{1CB70D13-E2F9-491E-9F4E-DC5F9702E695}.Debug|x64.ActiveCfg = Debug|x64
		{1CB70D13-E2F9-491E-9F4E-DC5F9702E695}.Debug|x64.Build.0 = Debug|x64
		{1CB70D13-E2F9-491E-9F4E-DC5F9702E695}.Debug|x86.ActiveCfg = Debug|Win32
		{1CB70D13-E2F9-491E-9F4E-DC5F9702E695}.Debug|x86.Build.0 = Debug|Win32
		{1CB70D13-E2F9-491E-9F4E-DC5F9702E695}.Release|x64.ActiveCfg = Release|x64
		{1CB70D13-E2F9-491E-9F4E-DC5F9702E695}.Release|x64.Build.0 = Release|x64
		{1CB70D13-E2F9-491E-9F4E-DC5F9702E695}.Release|x86.ActiveCfg = Release|Win32
		{1CB70D13-E2F9-491E-9F4E-DC5F9702E695}.Release|x86.Build.0 = Release|Win32
		{FA333A34-038F-45FB-AE52-42F176953B70}.Debug|x64.ActiveCfg = Debug|x64
		{FA333A34-038F-45FB-AE52-42F176953B70}.Debug|x64.Build.0 = Debug|x64
		{FA333A34-038F-45FB-AE52-42F176953B70}.Debug|x86.ActiveCfg = Debug|Win32
		{FA333A34-038F-45FB-AE52-42F176953B70}.Debug|x86.Build.0 = Debug|Win32
		{FA333A34-038F-45FB-AE52-42F176953B70}.Release|x64.ActiveCfg = Release|x64
		{FA333A34-038F-45FB-AE52-42F176953B70}.Release|x64.Build.0 = Release|x64
		{FA333A34-038F-45FB-AE52-42F176953B70}.Release|x86.ActiveCfg = Release|Win32
		{FA333A34-038F-45FB-AE52-42F176953B70}.Release|x86.Build.0 = Release|Win32
		{9A65A04F-DBEC-4B77-B6C6-999D5AEF6978}.Debug|x64.ActiveCfg = Debug|x64
		{9A65A04F-DBEC-4B77-B6C6-999D5AEF6978}.Debug|x64.Build.0 = Debug|x64
		{9A65A04F-DBEC-4B77-B6C6-999D5AEF6978}.Debug|x86.ActiveCfg = Debug|Win32
		{9A65A04F-DBEC-4B77-B6C6-999D5AEF6978}.Debug|x86.Build.0 = Debug|Win32
		{9A65A04F-DBEC-4B77-B6C6-999D5AEF6978}.Release|x64.ActiveCfg = Release|x64
		{9A65A04F-DBEC-4B77-B6C6-999D5AEF6978}.Release|x64.Build.0 = Release|x64
		{9A65A04F-DBEC-4B77-B6C6-999D5AEF6978}.Release|x86.ActiveCfg = Release|Win32
		{9A65A04F-DBEC-4B77-B6C6-999D5AEF6978}.Release|x86.Build.0 = Release|Win32
		{D4DFDEC8-846F-4CF5-9D9E-18E63060CA5B}.Debug|x64.ActiveCfg = Debug|x64
		{D4DFDEC8-846F-4CF5-9D9E-18E63060CA5B}.Debug|x64.Build.0 = Debug|x64
		{D4DFDEC8-846F-4CF5-9D9E-18E63060CA5B}.Debug|x86.ActiveCfg = Debug|Win32
		{D4DFDEC8-846F-4CF5-9D9E-18E63060CA5B}.Debug|x86.Build.0 = Debug|Win32
		{D4DFDEC8-846F-4CF5-9D9E-18E63060CA5B}.Release|x64.ActiveCfg = Release|x64
		{D4DFDEC8-846F-4CF5-9D9E-18E63060CA5B}.Release|x64.Build.0 = Release|x64
		{D4DFDEC8-846F-4CF5-9D9E-18E63060CA5B}.Release|x86.ActiveCfg = Release|Win32
		{D4DFDEC8-846F-4CF5-9D9E-18E63060CA5B}.Release|x86.Build.0 = Release|Win32
		{A7566E9D-FBB4-4F94-81A0-87BBC56FDE94}.Debug|x64.ActiveCfg = Debug|x64
		{A7566E9D-FBB4-4F94-81A0-87BBC56FDE94}.Debug|x64.Build.0 = Debug|x64
		{A7566E9D-FBB4-4F94-81A0-87BBC56FDE94}.Debug|x86.ActiveCfg = Debug|Win32
		{A7566E9D-FBB4-4F94-81A0-87BBC56FDE94}.Debug|x86.Build.0 = Debug|Win32
		{A7566E9D-FBB4-4F94-81A0-87BBC56FDE94}.Release|x64.ActiveCfg = Release|x64
		{A7566E9D-FBB4-4F94-81A0-87BBC56FDE94}.Release|x64.Build.0 = Release|x64
		{A7566E9D-FBB4-4F94-81A0-87BBC56FDE94}.Release|x86.ActiveCfg = Release|Win32
		{A7566E9D-FBB4-4F94-81A0-87BBC56FDE94}.Release|x86.Build.0 = Release|Win32
	EndGlobalSection
	GlobalSection(SolutionProperties) = preSolution
		HideSolutionNode = FALSE
	EndGlobalSection
	GlobalSection(ExtensibilityGlobals) = postSolution
		SolutionGuid = {1F230CFD-A0B6-4920-A28C-55B226576251}
	EndGlobalSection
EndGlobal
